
Microsoft Visual Studio Solution File, Format Version 12.00
# Visual Studio Version 17
VisualStudioVersion = 17.5.33516.290
MinimumVisualStudioVersion = 10.0.40219.1
Project("{FAE04EC0-301F-11D3-BF4B-00C04F79EFBC}") = "WindowsFormsApp1", "WindowsFormsApp1\WindowsFormsApp1.csproj", "{FD634C33-9377-4E16-9B00-0DA9A8A265FF}"
EndProject
Global
	GlobalSection(SolutionConfigurationPlatforms) = preSolution
		Debug|Any CPU = Debug|Any CPU
		Release|Any CPU = Release|Any CPU
	EndGlobalSection
	GlobalSection(ProjectConfigurationPlatforms) = postSolution
		{FD634C33-9377-4E16-9B00-0DA9A8A265FF}.Debug|Any CPU.ActiveCfg = Debug|Any CPU
		{FD634C33-9377-4E16-9B00-0DA9A8A265FF}.Debug|Any CPU.Build.0 = Debug|Any CPU
		{FD634C33-9377-4E16-9B00-0DA9A8A265FF}.Release|Any CPU.ActiveCfg = Release|Any CPU
		{FD634C33-9377-4E16-9B00-0DA9A8A265FF}.Release|Any CPU.Build.0 = Release|Any CPU
	EndGlobalSection
	GlobalSection(SolutionProperties) = preSolution
		HideSolutionNode = FALSE
	EndGlobalSection
	GlobalSection(ExtensibilityGlobals) = postSolution
		SolutionGuid = {4E18E34E-EC08-494B-A89B-EED6F00DDFED}
	EndGlobalSection
EndGlobal
